
Microsoft Visual Studio Solution File, Format Version 12.00
Project("{FAE04EC0-301F-11D3-BF4B-00C04F79EFBC}") = "reportsapi", "reportsapi.csproj", "{4749181F-9188-43A2-8261-C367BB95C01A}"
EndProject
Global
	GlobalSection(SolutionConfigurationPlatforms) = preSolution
		Debug|Any CPU = Debug|Any CPU
		Release|Any CPU = Release|Any CPU
	EndGlobalSection
	GlobalSection(ProjectConfigurationPlatforms) = postSolution
		{4749181F-9188-43A2-8261-C367BB95C01A}.Debug|Any CPU.ActiveCfg = Debug|Any CPU
		{4749181F-9188-43A2-8261-C367BB95C01A}.Debug|Any CPU.Build.0 = Debug|Any CPU
		{4749181F-9188-43A2-8261-C367BB95C01A}.Release|Any CPU.ActiveCfg = Release|Any CPU
		{4749181F-9188-43A2-8261-C367BB95C01A}.Release|Any CPU.Build.0 = Release|Any CPU
	EndGlobalSection
EndGlobal
